
Microsoft Visual Studio Solution File, Format Version 12.00
# Visual Studio Version 17
VisualStudioVersion = 17.0.32126.317
MinimumVisualStudioVersion = 10.0.40219.1
Project("{FAE04EC0-301F-11D3-BF4B-00C04F79EFBC}") = "ClassWork", "ClassWork\ClassWork.csproj", "{F8F7C8AC-48DF-4354-8D4F-76D2206754B8}"
EndProject
Global
	GlobalSection(SolutionConfigurationPlatforms) = preSolution
		Debug|Any CPU = Debug|Any CPU
		Release|Any CPU = Release|Any CPU
	EndGlobalSection
	GlobalSection(ProjectConfigurationPlatforms) = postSolution
		{F8F7C8AC-48DF-4354-8D4F-76D2206754B8}.Debug|Any CPU.ActiveCfg = Debug|Any CPU
		{F8F7C8AC-48DF-4354-8D4F-76D2206754B8}.Debug|Any CPU.Build.0 = Debug|Any CPU
		{F8F7C8AC-48DF-4354-8D4F-76D2206754B8}.Release|Any CPU.ActiveCfg = Release|Any CPU
		{F8F7C8AC-48DF-4354-8D4F-76D2206754B8}.Release|Any CPU.Build.0 = Release|Any CPU
	EndGlobalSection
	GlobalSection(SolutionProperties) = preSolution
		HideSolutionNode = FALSE
	EndGlobalSection
	GlobalSection(ExtensibilityGlobals) = postSolution
		SolutionGuid = {ACA057FF-0105-4F90-AA66-2C1F9E2D6968}
	EndGlobalSection
EndGlobal
